// !$*UTF8*$!
{
	archiveVersion = 1;
	classes = {
	};
	objectVersion = 46;
	objects = {

/* Begin PBXBuildFile section */
		6456B6CF1E9F9ACA00221AEF /* main.m in Sources */ = {isa = PBXBuildFile; fileRef = 6456B6CE1E9F9ACA00221AEF /* main.m */; };
		6456B6D21E9F9ACA00221AEF /* AppDelegate.m in Sources */ = {isa = PBXBuildFile; fileRef = 6456B6D11E9F9ACA00221AEF /* AppDelegate.m */; };
		6456B6D51E9F9ACA00221AEF /* ViewController.m in Sources */ = {isa = PBXBuildFile; fileRef = 6456B6D41E9F9ACA00221AEF /* ViewController.m */; };
		6456B6D81E9F9ACA00221AEF /* Main.storyboard in Resources */ = {isa = PBXBuildFile; fileRef = 6456B6D61E9F9ACA00221AEF /* Main.storyboard */; };
		6456B6DA1E9F9ACA00221AEF /* Assets.xcassets in Resources */ = {isa = PBXBuildFile; fileRef = 6456B6D91E9F9ACA00221AEF /* Assets.xcassets */; };
		6456B6DD1E9F9ACA00221AEF /* LaunchScreen.storyboard in Resources */ = {isa = PBXBuildFile; fileRef = 6456B6DB1E9F9ACA00221AEF /* LaunchScreen.storyboard */; };
		6456B6E81E9F9ACA00221AEF /* WDFastlaneTestTests.m in Sources */ = {isa = PBXBuildFile; fileRef = 6456B6E71E9F9ACA00221AEF /* WDFastlaneTestTests.m */; };
		6456B6F31E9F9ACA00221AEF /* WDFastlaneTestUITests.m in Sources */ = {isa = PBXBuildFile; fileRef = 6456B6F21E9F9ACA00221AEF /* WDFastlaneTestUITests.m */; };
		9F26DE1B38AB0FF21ACEA775 /* Pods_WDFastlaneTest.framework in Frameworks */ = {isa = PBXBuildFile; fileRef = 9AD1381E98C3D712DA9774BD /* Pods_WDFastlaneTest.framework */; };
		B545542DE3BE2ED9DE76006C /* Pods_WDFastlaneTestTests.framework in Frameworks */ = {isa = PBXBuildFile; fileRef = 483D44A7D42110CE380EC0A4 /* Pods_WDFastlaneTestTests.framework */; };
		C95377738125E2F5F233C715 /* Pods_WDFastlaneTestUITests.framework in Frameworks */ = {isa = PBXBuildFile; fileRef = F9338D35A51C436D0D3ABC31 /* Pods_WDFastlaneTestUITests.framework */; };
/* End PBXBuildFile section */

/* Begin PBXContainerItemProxy section */
		6456B6E41E9F9ACA00221AEF /* PBXContainerItemProxy */ = {
			isa = PBXContainerItemProxy;
			containerPortal = 6456B6C21E9F9ACA00221AEF /* Project object */;
			proxyType = 1;
			remoteGlobalIDString = 6456B6C91E9F9ACA00221AEF;
			remoteInfo = WDFastlaneTest;
		};
		6456B6EF1E9F9ACA00221AEF /* PBXContainerItemProxy */ = {
			isa = PBXContainerItemProxy;
			containerPortal = 6456B6C21E9F9ACA00221AEF /* Project object */;
			proxyType = 1;
			remoteGlobalIDString = 6456B6C91E9F9ACA00221AEF;
			remoteInfo = WDFastlaneTest;
		};
/* End PBXContainerItemProxy section */

/* Begin PBXFileReference section */
		1C33659B2B4D319A5A09AFAF /* Pods-WDFastlaneTestTests.debug.xcconfig */ = {isa = PBXFileReference; includeInIndex = 1; lastKnownFileType = text.xcconfig; name = "Pods-WDFastlaneTestTests.debug.xcconfig"; path = "Pods/Target Support Files/Pods-WDFastlaneTestTests/Pods-WDFastlaneTestTests.debug.xcconfig"; sourceTree = "<group>"; };
		26F07115B4ADFB8D24108F1E /* Pods-WDFastlaneTest.release.xcconfig */ = {isa = PBXFileReference; includeInIndex = 1; lastKnownFileType = text.xcconfig; name = "Pods-WDFastlaneTest.release.xcconfig"; path = "Pods/Target Support Files/Pods-WDFastlaneTest/Pods-WDFastlaneTest.release.xcconfig"; sourceTree = "<group>"; };
		3E1BFFBB7BE3262DF3F34587 /* Pods-WDFastlaneTestUITests.release.xcconfig */ = {isa = PBXFileReference; includeInIndex = 1; lastKnownFileType = text.xcconfig; name = "Pods-WDFastlaneTestUITests.release.xcconfig"; path = "Pods/Target Support Files/Pods-WDFastlaneTestUITests/Pods-WDFastlaneTestUITests.release.xcconfig"; sourceTree = "<group>"; };
		483D44A7D42110CE380EC0A4 /* Pods_WDFastlaneTestTests.framework */ = {isa = PBXFileReference; explicitFileType = wrapper.framework; includeInIndex = 0; path = Pods_WDFastlaneTestTests.framework; sourceTree = BUILT_PRODUCTS_DIR; };
		6456B6CA1E9F9ACA00221AEF /* WDFastlaneTest.app */ = {isa = PBXFileReference; explicitFileType = wrapper.application; includeInIndex = 0; path = WDFastlaneTest.app; sourceTree = BUILT_PRODUCTS_DIR; };
		6456B6CE1E9F9ACA00221AEF /* main.m */ = {isa = PBXFileReference; lastKnownFileType = sourcecode.c.objc; path = main.m; sourceTree = "<group>"; };
		6456B6D01E9F9ACA00221AEF /* AppDelegate.h */ = {isa = PBXFileReference; lastKnownFileType = sourcecode.c.h; path = AppDelegate.h; sourceTree = "<group>"; };
		6456B6D11E9F9ACA00221AEF /* AppDelegate.m */ = {isa = PBXFileReference; lastKnownFileType = sourcecode.c.objc; path = AppDelegate.m; sourceTree = "<group>"; };
		6456B6D31E9F9ACA00221AEF /* ViewController.h */ = {isa = PBXFileReference; lastKnownFileType = sourcecode.c.h; path = ViewController.h; sourceTree = "<group>"; };
		6456B6D41E9F9ACA00221AEF /* ViewController.m */ = {isa = PBXFileReference; lastKnownFileType = sourcecode.c.objc; path = ViewController.m; sourceTree = "<group>"; };
		6456B6D71E9F9ACA00221AEF /* Base */ = {isa = PBXFileReference; lastKnownFileType = file.storyboard; name = Base; path = Base.lproj/Main.storyboard; sourceTree = "<group>"; };
		6456B6D91E9F9ACA00221AEF /* Assets.xcassets */ = {isa = PBXFileReference; lastKnownFileType = folder.assetcatalog; path = Assets.xcassets; sourceTree = "<group>"; };
		6456B6DC1E9F9ACA00221AEF /* Base */ = {isa = PBXFileReference; lastKnownFileType = file.storyboard; name = Base; path = Base.lproj/LaunchScreen.storyboard; sourceTree = "<group>"; };
		6456B6DE1E9F9ACA00221AEF /* Info.plist */ = {isa = PBXFileReference; lastKnownFileType = text.plist.xml; path = Info.plist; sourceTree = "<group>"; };
		6456B6E31E9F9ACA00221AEF /* WDFastlaneTestTests.xctest */ = {isa = PBXFileReference; explicitFileType = wrapper.cfbundle; includeInIndex = 0; path = WDFastlaneTestTests.xctest; sourceTree = BUILT_PRODUCTS_DIR; };
		6456B6E71E9F9ACA00221AEF /* WDFastlaneTestTests.m */ = {isa = PBXFileReference; lastKnownFileType = sourcecode.c.objc; path = WDFastlaneTestTests.m; sourceTree = "<group>"; };
		6456B6E91E9F9ACA00221AEF /* Info.plist */ = {isa = PBXFileReference; lastKnownFileType = text.plist.xml; path = Info.plist; sourceTree = "<group>"; };
		6456B6EE1E9F9ACA00221AEF /* WDFastlaneTestUITests.xctest */ = {isa = PBXFileReference; explicitFileType = wrapper.cfbundle; includeInIndex = 0; path = WDFastlaneTestUITests.xctest; sourceTree = BUILT_PRODUCTS_DIR; };
		6456B6F21E9F9ACA00221AEF /* WDFastlaneTestUITests.m */ = {isa = PBXFileReference; lastKnownFileType = sourcecode.c.objc; path = WDFastlaneTestUITests.m; sourceTree = "<group>"; };
		6456B6F41E9F9ACA00221AEF /* Info.plist */ = {isa = PBXFileReference; lastKnownFileType = text.plist.xml; path = Info.plist; sourceTree = "<group>"; };
		853959BE9AC9CF50C8B3A050 /* Pods-WDFastlaneTestUITests.debug.xcconfig */ = {isa = PBXFileReference; includeInIndex = 1; lastKnownFileType = text.xcconfig; name = "Pods-WDFastlaneTestUITests.debug.xcconfig"; path = "Pods/Target Support Files/Pods-WDFastlaneTestUITests/Pods-WDFastlaneTestUITests.debug.xcconfig"; sourceTree = "<group>"; };
		9AD1381E98C3D712DA9774BD /* Pods_WDFastlaneTest.framework */ = {isa = PBXFileReference; explicitFileType = wrapper.framework; includeInIndex = 0; path = Pods_WDFastlaneTest.framework; sourceTree = BUILT_PRODUCTS_DIR; };
		C4F235B024BA00EC5A1C0314 /* Pods-WDFastlaneTestTests.release.xcconfig */ = {isa = PBXFileReference; includeInIndex = 1; lastKnownFileType = text.xcconfig; name = "Pods-WDFastlaneTestTests.release.xcconfig"; path = "Pods/Target Support Files/Pods-WDFastlaneTestTests/Pods-WDFastlaneTestTests.release.xcconfig"; sourceTree = "<group>"; };
		E2D2524DC4137EB56ED9983A /* Pods-WDFastlaneTest.debug.xcconfig */ = {isa = PBXFileReference; includeInIndex = 1; lastKnownFileType = text.xcconfig; name = "Pods-WDFastlaneTest.debug.xcconfig"; path = "Pods/Target Support Files/Pods-WDFastlaneTest/Pods-WDFastlaneTest.debug.xcconfig"; sourceTree = "<group>"; };
		F9338D35A51C436D0D3ABC31 /* Pods_WDFastlaneTestUITests.framework */ = {isa = PBXFileReference; explicitFileType = wrapper.framework; includeInIndex = 0; path = Pods_WDFastlaneTestUITests.framework; sourceTree = BUILT_PRODUCTS_DIR; };
/* End PBXFileReference section */

/* Begin PBXFrameworksBuildPhase section */
		6456B6C71E9F9ACA00221AEF /* Frameworks */ = {
			isa = PBXFrameworksBuildPhase;
			buildActionMask = 2147483647;
			files = (
				9F26DE1B38AB0FF21ACEA775 /* Pods_WDFastlaneTest.framework in Frameworks */,
			);
			runOnlyForDeploymentPostprocessing = 0;
		};
		6456B6E01E9F9ACA00221AEF /* Frameworks */ = {
			isa = PBXFrameworksBuildPhase;
			buildActionMask = 2147483647;
			files = (
				B545542DE3BE2ED9DE76006C /* Pods_WDFastlaneTestTests.framework in Frameworks */,
			);
			runOnlyForDeploymentPostprocessing = 0;
		};
		6456B6EB1E9F9ACA00221AEF /* Frameworks */ = {
			isa = PBXFrameworksBuildPhase;
			buildActionMask = 2147483647;
			files = (
				C95377738125E2F5F233C715 /* Pods_WDFastlaneTestUITests.framework in Frameworks */,
			);
			runOnlyForDeploymentPostprocessing = 0;
		};
/* End PBXFrameworksBuildPhase section */

/* Begin PBXGroup section */
		1A84935847D851301197358A /* Pods */ = {
			isa = PBXGroup;
			children = (
				E2D2524DC4137EB56ED9983A /* Pods-WDFastlaneTest.debug.xcconfig */,
				26F07115B4ADFB8D24108F1E /* Pods-WDFastlaneTest.release.xcconfig */,
				1C33659B2B4D319A5A09AFAF /* Pods-WDFastlaneTestTests.debug.xcconfig */,
				C4F235B024BA00EC5A1C0314 /* Pods-WDFastlaneTestTests.release.xcconfig */,
				853959BE9AC9CF50C8B3A050 /* Pods-WDFastlaneTestUITests.debug.xcconfig */,
				3E1BFFBB7BE3262DF3F34587 /* Pods-WDFastlaneTestUITests.release.xcconfig */,
			);
			name = Pods;
			sourceTree = "<group>";
		};
		56A5E54FFF9A46A8DA2B106A /* Frameworks */ = {
			isa = PBXGroup;
			children = (
				9AD1381E98C3D712DA9774BD /* Pods_WDFastlaneTest.framework */,
				483D44A7D42110CE380EC0A4 /* Pods_WDFastlaneTestTests.framework */,
				F9338D35A51C436D0D3ABC31 /* Pods_WDFastlaneTestUITests.framework */,
			);
			name = Frameworks;
			sourceTree = "<group>";
		};
		6456B6C11E9F9ACA00221AEF = {
			isa = PBXGroup;
			children = (
				6456B6CC1E9F9ACA00221AEF /* WDFastlaneTest */,
				6456B6E61E9F9ACA00221AEF /* WDFastlaneTestTests */,
				6456B6F11E9F9ACA00221AEF /* WDFastlaneTestUITests */,
				6456B6CB1E9F9ACA00221AEF /* Products */,
				1A84935847D851301197358A /* Pods */,
				56A5E54FFF9A46A8DA2B106A /* Frameworks */,
			);
			sourceTree = "<group>";
		};
		6456B6CB1E9F9ACA00221AEF /* Products */ = {
			isa = PBXGroup;
			children = (
				6456B6CA1E9F9ACA00221AEF /* WDFastlaneTest.app */,
				6456B6E31E9F9ACA00221AEF /* WDFastlaneTestTests.xctest */,
				6456B6EE1E9F9ACA00221AEF /* WDFastlaneTestUITests.xctest */,
			);
			name = Products;
			sourceTree = "<group>";
		};
		6456B6CC1E9F9ACA00221AEF /* WDFastlaneTest */ = {
			isa = PBXGroup;
			children = (
				6456B6D01E9F9ACA00221AEF /* AppDelegate.h */,
				6456B6D11E9F9ACA00221AEF /* AppDelegate.m */,
				6456B6D31E9F9ACA00221AEF /* ViewController.h */,
				6456B6D41E9F9ACA00221AEF /* ViewController.m */,
				6456B6D61E9F9ACA00221AEF /* Main.storyboard */,
				6456B6D91E9F9ACA00221AEF /* Assets.xcassets */,
				6456B6DB1E9F9ACA00221AEF /* LaunchScreen.storyboard */,
				6456B6DE1E9F9ACA00221AEF /* Info.plist */,
				6456B6CD1E9F9ACA00221AEF /* Supporting Files */,
			);
			path = WDFastlaneTest;
			sourceTree = "<group>";
		};
		6456B6CD1E9F9ACA00221AEF /* Supporting Files */ = {
			isa = PBXGroup;
			children = (
				6456B6CE1E9F9ACA00221AEF /* main.m */,
			);
			name = "Supporting Files";
			sourceTree = "<group>";
		};
		6456B6E61E9F9ACA00221AEF /* WDFastlaneTestTests */ = {
			isa = PBXGroup;
			children = (
				6456B6E71E9F9ACA00221AEF /* WDFastlaneTestTests.m */,
				6456B6E91E9F9ACA00221AEF /* Info.plist */,
			);
			path = WDFastlaneTestTests;
			sourceTree = "<group>";
		};
		6456B6F11E9F9ACA00221AEF /* WDFastlaneTestUITests */ = {
			isa = PBXGroup;
			children = (
				6456B6F21E9F9ACA00221AEF /* WDFastlaneTestUITests.m */,
				6456B6F41E9F9ACA00221AEF /* Info.plist */,
			);
			path = WDFastlaneTestUITests;
			sourceTree = "<group>";
		};
/* End PBXGroup section */

/* Begin PBXNativeTarget section */
		6456B6C91E9F9ACA00221AEF /* WDFastlaneTest */ = {
			isa = PBXNativeTarget;
			buildConfigurationList = 6456B6F71E9F9ACA00221AEF /* Build configuration list for PBXNativeTarget "WDFastlaneTest" */;
			buildPhases = (
				0FDB5D981D4BC6D28CBD0A87 /* [CP] Check Pods Manifest.lock */,
				6456B6C61E9F9ACA00221AEF /* Sources */,
				6456B6C71E9F9ACA00221AEF /* Frameworks */,
				6456B6C81E9F9ACA00221AEF /* Resources */,
				E637EDE48E9EA88A472AD0A3 /* [CP] Embed Pods Frameworks */,
				5FEB65CE972093DEEAD86637 /* [CP] Copy Pods Resources */,
			);
			buildRules = (
			);
			dependencies = (
			);
			name = WDFastlaneTest;
			productName = WDFastlaneTest;
			productReference = 6456B6CA1E9F9ACA00221AEF /* WDFastlaneTest.app */;
			productType = "com.apple.product-type.application";
		};
		6456B6E21E9F9ACA00221AEF /* WDFastlaneTestTests */ = {
			isa = PBXNativeTarget;
			buildConfigurationList = 6456B6FA1E9F9ACA00221AEF /* Build configuration list for PBXNativeTarget "WDFastlaneTestTests" */;
			buildPhases = (
				FA2542AD497C5E6E08A977DF /* [CP] Check Pods Manifest.lock */,
				6456B6DF1E9F9ACA00221AEF /* Sources */,
				6456B6E01E9F9ACA00221AEF /* Frameworks */,
				6456B6E11E9F9ACA00221AEF /* Resources */,
				09C479D4AB993B28FD21F85A /* [CP] Embed Pods Frameworks */,
				87728EF3BDFC9DCD7098FB04 /* [CP] Copy Pods Resources */,
			);
			buildRules = (
			);
			dependencies = (
				6456B6E51E9F9ACA00221AEF /* PBXTargetDependency */,
			);
			name = WDFastlaneTestTests;
			productName = WDFastlaneTestTests;
			productReference = 6456B6E31E9F9ACA00221AEF /* WDFastlaneTestTests.xctest */;
			productType = "com.apple.product-type.bundle.unit-test";
		};
		6456B6ED1E9F9ACA00221AEF /* WDFastlaneTestUITests */ = {
			isa = PBXNativeTarget;
			buildConfigurationList = 6456B6FD1E9F9ACA00221AEF /* Build configuration list for PBXNativeTarget "WDFastlaneTestUITests" */;
			buildPhases = (
				EAAAC8272201E363CBF8D1A2 /* [CP] Check Pods Manifest.lock */,
				6456B6EA1E9F9ACA00221AEF /* Sources */,
				6456B6EB1E9F9ACA00221AEF /* Frameworks */,
				6456B6EC1E9F9ACA00221AEF /* Resources */,
				D2AC4E2896F23918FDBB77EB /* [CP] Embed Pods Frameworks */,
				0F48C3D02C0799F8730E8ACF /* [CP] Copy Pods Resources */,
			);
			buildRules = (
			);
			dependencies = (
				6456B6F01E9F9ACA00221AEF /* PBXTargetDependency */,
			);
			name = WDFastlaneTestUITests;
			productName = WDFastlaneTestUITests;
			productReference = 6456B6EE1E9F9ACA00221AEF /* WDFastlaneTestUITests.xctest */;
			productType = "com.apple.product-type.bundle.ui-testing";
		};
/* End PBXNativeTarget section */

/* Begin PBXProject section */
		6456B6C21E9F9ACA00221AEF /* Project object */ = {
			isa = PBXProject;
			attributes = {
				LastUpgradeCheck = 0830;
				ORGANIZATIONNAME = tw;
				TargetAttributes = {
					6456B6C91E9F9ACA00221AEF = {
						CreatedOnToolsVersion = 8.3.1;
						ProvisioningStyle = Automatic;
					};
					6456B6E21E9F9ACA00221AEF = {
						CreatedOnToolsVersion = 8.3.1;
						ProvisioningStyle = Automatic;
						TestTargetID = 6456B6C91E9F9ACA00221AEF;
					};
					6456B6ED1E9F9ACA00221AEF = {
						CreatedOnToolsVersion = 8.3.1;
						ProvisioningStyle = Automatic;
						TestTargetID = 6456B6C91E9F9ACA00221AEF;
					};
				};
			};
			buildConfigurationList = 6456B6C51E9F9ACA00221AEF /* Build configuration list for PBXProject "WDFastlaneTest" */;
			compatibilityVersion = "Xcode 3.2";
			developmentRegion = English;
			hasScannedForEncodings = 0;
			knownRegions = (
				en,
				Base,
			);
			mainGroup = 6456B6C11E9F9ACA00221AEF;
			productRefGroup = 6456B6CB1E9F9ACA00221AEF /* Products */;
			projectDirPath = "";
			projectRoot = "";
			targets = (
				6456B6C91E9F9ACA00221AEF /* WDFastlaneTest */,
				6456B6E21E9F9ACA00221AEF /* WDFastlaneTestTests */,
				6456B6ED1E9F9ACA00221AEF /* WDFastlaneTestUITests */,
			);
		};
/* End PBXProject section */

/* Begin PBXResourcesBuildPhase section */
		6456B6C81E9F9ACA00221AEF /* Resources */ = {
			isa = PBXResourcesBuildPhase;
			buildActionMask = 2147483647;
			files = (
				6456B6DD1E9F9ACA00221AEF /* LaunchScreen.storyboard in Resources */,
				6456B6DA1E9F9ACA00221AEF /* Assets.xcassets in Resources */,
				6456B6D81E9F9ACA00221AEF /* Main.storyboard in Resources */,
			);
			runOnlyForDeploymentPostprocessing = 0;
		};
		6456B6E11E9F9ACA00221AEF /* Resources */ = {
			isa = PBXResourcesBuildPhase;
			buildActionMask = 2147483647;
			files = (
			);
			runOnlyForDeploymentPostprocessing = 0;
		};
		6456B6EC1E9F9ACA00221AEF /* Resources */ = {
			isa = PBXResourcesBuildPhase;
			buildActionMask = 2147483647;
			files = (
			);
			runOnlyForDeploymentPostprocessing = 0;
		};
/* End PBXResourcesBuildPhase section */

/* Begin PBXShellScriptBuildPhase section */
		09C479D4AB993B28FD21F85A /* [CP] Embed Pods Frameworks */ = {
			isa = PBXShellScriptBuildPhase;
			buildActionMask = 2147483647;
			files = (
			);
			inputPaths = (
			);
			name = "[CP] Embed Pods Frameworks";
			outputPaths = (
			);
			runOnlyForDeploymentPostprocessing = 0;
			shellPath = /bin/sh;
			shellScript = "\"${SRCROOT}/Pods/Target Support Files/Pods-WDFastlaneTestTests/Pods-WDFastlaneTestTests-frameworks.sh\"\n";
			showEnvVarsInLog = 0;
		};
		0F48C3D02C0799F8730E8ACF /* [CP] Copy Pods Resources */ = {
			isa = PBXShellScriptBuildPhase;
			buildActionMask = 2147483647;
			files = (
			);
			inputPaths = (
			);
			name = "[CP] Copy Pods Resources";
			outputPaths = (
			);
			runOnlyForDeploymentPostprocessing = 0;
			shellPath = /bin/sh;
			shellScript = "\"${SRCROOT}/Pods/Target Support Files/Pods-WDFastlaneTestUITests/Pods-WDFastlaneTestUITests-resources.sh\"\n";
			showEnvVarsInLog = 0;
		};
		0FDB5D981D4BC6D28CBD0A87 /* [CP] Check Pods Manifest.lock */ = {
			isa = PBXShellScriptBuildPhase;
			buildActionMask = 2147483647;
			files = (
			);
			inputPaths = (
			);
			name = "[CP] Check Pods Manifest.lock";
			outputPaths = (
			);
			runOnlyForDeploymentPostprocessing = 0;
			shellPath = /bin/sh;
			shellScript = "diff \"${PODS_PODFILE_DIR_PATH}/Podfile.lock\" \"${PODS_ROOT}/Manifest.lock\" > /dev/null\nif [ $? != 0 ] ; then\n    # print error to STDERR\n    echo \"error: The sandbox is not in sync with the Podfile.lock. Run 'pod install' or update your CocoaPods installation.\" >&2\n    exit 1\nfi\n";
			showEnvVarsInLog = 0;
		};
		5FEB65CE972093DEEAD86637 /* [CP] Copy Pods Resources */ = {
			isa = PBXShellScriptBuildPhase;
			buildActionMask = 2147483647;
			files = (
			);
			inputPaths = (
			);
			name = "[CP] Copy Pods Resources";
			outputPaths = (
			);
			runOnlyForDeploymentPostprocessing = 0;
			shellPath = /bin/sh;
			shellScript = "\"${SRCROOT}/Pods/Target Support Files/Pods-WDFastlaneTest/Pods-WDFastlaneTest-resources.sh\"\n";
			showEnvVarsInLog = 0;
		};
		87728EF3BDFC9DCD7098FB04 /* [CP] Copy Pods Resources */ = {
			isa = PBXShellScriptBuildPhase;
			buildActionMask = 2147483647;
			files = (
			);
			inputPaths = (
			);
			name = "[CP] Copy Pods Resources";
			outputPaths = (
			);
			runOnlyForDeploymentPostprocessing = 0;
			shellPath = /bin/sh;
			shellScript = "\"${SRCROOT}/Pods/Target Support Files/Pods-WDFastlaneTestTests/Pods-WDFastlaneTestTests-resources.sh\"\n";
			showEnvVarsInLog = 0;
		};
		D2AC4E2896F23918FDBB77EB /* [CP] Embed Pods Frameworks */ = {
			isa = PBXShellScriptBuildPhase;
			buildActionMask = 2147483647;
			files = (
			);
			inputPaths = (
			);
			name = "[CP] Embed Pods Frameworks";
			outputPaths = (
			);
			runOnlyForDeploymentPostprocessing = 0;
			shellPath = /bin/sh;
			shellScript = "\"${SRCROOT}/Pods/Target Support Files/Pods-WDFastlaneTestUITests/Pods-WDFastlaneTestUITests-frameworks.sh\"\n";
			showEnvVarsInLog = 0;
		};
		E637EDE48E9EA88A472AD0A3 /* [CP] Embed Pods Frameworks */ = {
			isa = PBXShellScriptBuildPhase;
			buildActionMask = 2147483647;
			files = (
			);
			inputPaths = (
			);
			name = "[CP] Embed Pods Frameworks";
			outputPaths = (
			);
			runOnlyForDeploymentPostprocessing = 0;
			shellPath = /bin/sh;
			shellScript = "\"${SRCROOT}/Pods/Target Support Files/Pods-WDFastlaneTest/Pods-WDFastlaneTest-frameworks.sh\"\n";
			showEnvVarsInLog = 0;
		};
		EAAAC8272201E363CBF8D1A2 /* [CP] Check Pods Manifest.lock */ = {
			isa = PBXShellScriptBuildPhase;
			buildActionMask = 2147483647;
			files = (
			);
			inputPaths = (
			);
			name = "[CP] Check Pods Manifest.lock";
			outputPaths = (
			);
			runOnlyForDeploymentPostprocessing = 0;
			shellPath = /bin/sh;
			shellScript = "diff \"${PODS_PODFILE_DIR_PATH}/Podfile.lock\" \"${PODS_ROOT}/Manifest.lock\" > /dev/null\nif [ $? != 0 ] ; then\n    # print error to STDERR\n    echo \"error: The sandbox is not in sync with the Podfile.lock. Run 'pod install' or update your CocoaPods installation.\" >&2\n    exit 1\nfi\n";
			showEnvVarsInLog = 0;
		};
		FA2542AD497C5E6E08A977DF /* [CP] Check Pods Manifest.lock */ = {
			isa = PBXShellScriptBuildPhase;
			buildActionMask = 2147483647;
			files = (
			);
			inputPaths = (
			);
			name = "[CP] Check Pods Manifest.lock";
			outputPaths = (
			);
			runOnlyForDeploymentPostprocessing = 0;
			shellPath = /bin/sh;
			shellScript = "diff \"${PODS_PODFILE_DIR_PATH}/Podfile.lock\" \"${PODS_ROOT}/Manifest.lock\" > /dev/null\nif [ $? != 0 ] ; then\n    # print error to STDERR\n    echo \"error: The sandbox is not in sync with the Podfile.lock. Run 'pod install' or update your CocoaPods installation.\" >&2\n    exit 1\nfi\n";
			showEnvVarsInLog = 0;
		};
/* End PBXShellScriptBuildPhase section */

/* Begin PBXSourcesBuildPhase section */
		6456B6C61E9F9ACA00221AEF /* Sources */ = {
			isa = PBXSourcesBuildPhase;
			buildActionMask = 2147483647;
			files = (
				6456B6D51E9F9ACA00221AEF /* ViewController.m in Sources */,
				6456B6D21E9F9ACA00221AEF /* AppDelegate.m in Sources */,
				6456B6CF1E9F9ACA00221AEF /* main.m in Sources */,
			);
			runOnlyForDeploymentPostprocessing = 0;
		};
		6456B6DF1E9F9ACA00221AEF /* Sources */ = {
			isa = PBXSourcesBuildPhase;
			buildActionMask = 2147483647;
			files = (
				6456B6E81E9F9ACA00221AEF /* WDFastlaneTestTests.m in Sources */,
			);
			runOnlyForDeploymentPostprocessing = 0;
		};
		6456B6EA1E9F9ACA00221AEF /* Sources */ = {
			isa = PBXSourcesBuildPhase;
			buildActionMask = 2147483647;
			files = (
				6456B6F31E9F9ACA00221AEF /* WDFastlaneTestUITests.m in Sources */,
			);
			runOnlyForDeploymentPostprocessing = 0;
		};
/* End PBXSourcesBuildPhase section */

/* Begin PBXTargetDependency section */
		6456B6E51E9F9ACA00221AEF /* PBXTargetDependency */ = {
			isa = PBXTargetDependency;
			target = 6456B6C91E9F9ACA00221AEF /* WDFastlaneTest */;
			targetProxy = 6456B6E41E9F9ACA00221AEF /* PBXContainerItemProxy */;
		};
		6456B6F01E9F9ACA00221AEF /* PBXTargetDependency */ = {
			isa = PBXTargetDependency;
			target = 6456B6C91E9F9ACA00221AEF /* WDFastlaneTest */;
			targetProxy = 6456B6EF1E9F9ACA00221AEF /* PBXContainerItemProxy */;
		};
/* End PBXTargetDependency section */

/* Begin PBXVariantGroup section */
		6456B6D61E9F9ACA00221AEF /* Main.storyboard */ = {
			isa = PBXVariantGroup;
			children = (
				6456B6D71E9F9ACA00221AEF /* Base */,
			);
			name = Main.storyboard;
			sourceTree = "<group>";
		};
		6456B6DB1E9F9ACA00221AEF /* LaunchScreen.storyboard */ = {
			isa = PBXVariantGroup;
			children = (
				6456B6DC1E9F9ACA00221AEF /* Base */,
			);
			name = LaunchScreen.storyboard;
			sourceTree = "<group>";
		};
/* End PBXVariantGroup section */

/* Begin XCBuildConfiguration section */
		6456B6F51E9F9ACA00221AEF /* Debug */ = {
			isa = XCBuildConfiguration;
			buildSettings = {
				ALWAYS_SEARCH_USER_PATHS = NO;
				CLANG_ANALYZER_NONNULL = YES;
				CLANG_ANALYZER_NUMBER_OBJECT_CONVERSION = YES_AGGRESSIVE;
				CLANG_CXX_LANGUAGE_STANDARD = "gnu++0x";
				CLANG_CXX_LIBRARY = "libc++";
				CLANG_ENABLE_MODULES = YES;
				CLANG_ENABLE_OBJC_ARC = YES;
				CLANG_WARN_BOOL_CONVERSION = YES;
				CLANG_WARN_CONSTANT_CONVERSION = YES;
				CLANG_WARN_DIRECT_OBJC_ISA_USAGE = YES_ERROR;
				CLANG_WARN_DOCUMENTATION_COMMENTS = YES;
				CLANG_WARN_EMPTY_BODY = YES;
				CLANG_WARN_ENUM_CONVERSION = YES;
				CLANG_WARN_INFINITE_RECURSION = YES;
				CLANG_WARN_INT_CONVERSION = YES;
				CLANG_WARN_OBJC_ROOT_CLASS = YES_ERROR;
				CLANG_WARN_SUSPICIOUS_MOVE = YES;
				CLANG_WARN_UNREACHABLE_CODE = YES;
				CLANG_WARN__DUPLICATE_METHOD_MATCH = YES;
				"CODE_SIGN_IDENTITY[sdk=iphoneos*]" = "iPhone Developer";
				COPY_PHASE_STRIP = NO;
				DEBUG_INFORMATION_FORMAT = dwarf;
				ENABLE_STRICT_OBJC_MSGSEND = YES;
				ENABLE_TESTABILITY = YES;
				GCC_C_LANGUAGE_STANDARD = gnu99;
				GCC_DYNAMIC_NO_PIC = NO;
				GCC_NO_COMMON_BLOCKS = YES;
				GCC_OPTIMIZATION_LEVEL = 0;
				GCC_PREPROCESSOR_DEFINITIONS = (
					"DEBUG=1",
					"$(inherited)",
				);
				GCC_WARN_64_TO_32_BIT_CONVERSION = YES;
				GCC_WARN_ABOUT_RETURN_TYPE = YES_ERROR;
				GCC_WARN_UNDECLARED_SELECTOR = YES;
				GCC_WARN_UNINITIALIZED_AUTOS = YES_AGGRESSIVE;
				GCC_WARN_UNUSED_FUNCTION = YES;
				GCC_WARN_UNUSED_VARIABLE = YES;
				IPHONEOS_DEPLOYMENT_TARGET = 10.3;
				MTL_ENABLE_DEBUG_INFO = YES;
				ONLY_ACTIVE_ARCH = YES;
				SDKROOT = iphoneos;
				TARGETED_DEVICE_FAMILY = "1,2";
			};
			name = Debug;
		};
		6456B6F61E9F9ACA00221AEF /* Release */ = {
			isa = XCBuildConfiguration;
			buildSettings = {
				ALWAYS_SEARCH_USER_PATHS = NO;
				CLANG_ANALYZER_NONNULL = YES;
				CLANG_ANALYZER_NUMBER_OBJECT_CONVERSION = YES_AGGRESSIVE;
				CLANG_CXX_LANGUAGE_STANDARD = "gnu++0x";
				CLANG_CXX_LIBRARY = "libc++";
				CLANG_ENABLE_MODULES = YES;
				CLANG_ENABLE_OBJC_ARC = YES;
				CLANG_WARN_BOOL_CONVERSION = YES;
				CLANG_WARN_CONSTANT_CONVERSION = YES;
				CLANG_WARN_DIRECT_OBJC_ISA_USAGE = YES_ERROR;
				CLANG_WARN_DOCUMENTATION_COMMENTS = YES;
				CLANG_WARN_EMPTY_BODY = YES;
				CLANG_WARN_ENUM_CONVERSION = YES;
				CLANG_WARN_INFINITE_RECURSION = YES;
				CLANG_WARN_INT_CONVERSION = YES;
				CLANG_WARN_OBJC_ROOT_CLASS = YES_ERROR;
				CLANG_WARN_SUSPICIOUS_MOVE = YES;
				CLANG_WARN_UNREACHABLE_CODE = YES;
				CLANG_WARN__DUPLICATE_METHOD_MATCH = YES;
				"CODE_SIGN_IDENTITY[sdk=iphoneos*]" = "iPhone Developer";
				COPY_PHASE_STRIP = NO;
				DEBUG_INFORMATION_FORMAT = "dwarf-with-dsym";
				ENABLE_NS_ASSERTIONS = NO;
				ENABLE_STRICT_OBJC_MSGSEND = YES;
				GCC_C_LANGUAGE_STANDARD = gnu99;
				GCC_NO_COMMON_BLOCKS = YES;
				GCC_WARN_64_TO_32_BIT_CONVERSION = YES;
				GCC_WARN_ABOUT_RETURN_TYPE = YES_ERROR;
				GCC_WARN_UNDECLARED_SELECTOR = YES;
				GCC_WARN_UNINITIALIZED_AUTOS = YES_AGGRESSIVE;
				GCC_WARN_UNUSED_FUNCTION = YES;
				GCC_WARN_UNUSED_VARIABLE = YES;
				IPHONEOS_DEPLOYMENT_TARGET = 10.3;
				MTL_ENABLE_DEBUG_INFO = NO;
				SDKROOT = iphoneos;
				TARGETED_DEVICE_FAMILY = "1,2";
				VALIDATE_PRODUCT = YES;
			};
			name = Release;
		};
		6456B6F81E9F9ACA00221AEF /* Debug */ = {
			isa = XCBuildConfiguration;
			baseConfigurationReference = E2D2524DC4137EB56ED9983A /* Pods-WDFastlaneTest.debug.xcconfig */;
			buildSettings = {
				ASSETCATALOG_COMPILER_APPICON_NAME = AppIcon;
				INFOPLIST_FILE = WDFastlaneTest/Info.plist;
				LD_RUNPATH_SEARCH_PATHS = "$(inherited) @executable_path/Frameworks";
				PRODUCT_BUNDLE_IDENTIFIER = com.tw.WDFastlaneTest;
				PRODUCT_NAME = "$(TARGET_NAME)";
			};
			name = Debug;
		};
		6456B6F91E9F9ACA00221AEF /* Release */ = {
			isa = XCBuildConfiguration;
			baseConfigurationReference = 26F07115B4ADFB8D24108F1E /* Pods-WDFastlaneTest.release.xcconfig */;
			buildSettings = {
				ASSETCATALOG_COMPILER_APPICON_NAME = AppIcon;
				INFOPLIST_FILE = WDFastlaneTest/Info.plist;
				LD_RUNPATH_SEARCH_PATHS = "$(inherited) @executable_path/Frameworks";
				PRODUCT_BUNDLE_IDENTIFIER = com.tw.WDFastlaneTest;
				PRODUCT_NAME = "$(TARGET_NAME)";
			};
			name = Release;
		};
		6456B6FB1E9F9ACA00221AEF /* Debug */ = {
			isa = XCBuildConfiguration;
			baseConfigurationReference = 1C33659B2B4D319A5A09AFAF /* Pods-WDFastlaneTestTests.debug.xcconfig */;
			buildSettings = {
				BUNDLE_LOADER = "$(TEST_HOST)";
				INFOPLIST_FILE = WDFastlaneTestTests/Info.plist;
				LD_RUNPATH_SEARCH_PATHS = "$(inherited) @executable_path/Frameworks @loader_path/Frameworks";
				PRODUCT_BUNDLE_IDENTIFIER = com.tw.WDFastlaneTestTests;
				PRODUCT_NAME = "$(TARGET_NAME)";
				TEST_HOST = "$(BUILT_PRODUCTS_DIR)/WDFastlaneTest.app/WDFastlaneTest";
			};
			name = Debug;
		};
		6456B6FC1E9F9ACA00221AEF /* Release */ = {
			isa = XCBuildConfiguration;
			baseConfigurationReference = C4F235B024BA00EC5A1C0314 /* Pods-WDFastlaneTestTests.release.xcconfig */;
			buildSettings = {
				BUNDLE_LOADER = "$(TEST_HOST)";
				INFOPLIST_FILE = WDFastlaneTestTests/Info.plist;
				LD_RUNPATH_SEARCH_PATHS = "$(inherited) @executable_path/Frameworks @loader_path/Frameworks";
				PRODUCT_BUNDLE_IDENTIFIER = com.tw.WDFastlaneTestTests;
				PRODUCT_NAME = "$(TARGET_NAME)";
				TEST_HOST = "$(BUILT_PRODUCTS_DIR)/WDFastlaneTest.app/WDFastlaneTest";
			};
			name = Release;
		};
		6456B6FE1E9F9ACA00221AEF /* Debug */ = {
			isa = XCBuildConfiguration;
			baseConfigurationReference = 853959BE9AC9CF50C8B3A050 /* Pods-WDFastlaneTestUITests.debug.xcconfig */;
			buildSettings = {
				INFOPLIST_FILE = WDFastlaneTestUITests/Info.plist;
				LD_RUNPATH_SEARCH_PATHS = "$(inherited) @executable_path/Frameworks @loader_path/Frameworks";
				PRODUCT_BUNDLE_IDENTIFIER = com.tw.WDFastlaneTestUITests;
				PRODUCT_NAME = "$(TARGET_NAME)";
				TEST_TARGET_NAME = WDFastlaneTest;
			};
			name = Debug;
		};
		6456B6FF1E9F9ACA00221AEF /* Release */ = {
			isa = XCBuildConfiguration;
			baseConfigurationReference = 3E1BFFBB7BE3262DF3F34587 /* Pods-WDFastlaneTestUITests.release.xcconfig */;
			buildSettings = {
				INFOPLIST_FILE = WDFastlaneTestUITests/Info.plist;
				LD_RUNPATH_SEARCH_PATHS = "$(inherited) @executable_path/Frameworks @loader_path/Frameworks";
				PRODUCT_BUNDLE_IDENTIFIER = com.tw.WDFastlaneTestUITests;
				PRODUCT_NAME = "$(TARGET_NAME)";
				TEST_TARGET_NAME = WDFastlaneTest;
			};
			name = Release;
		};
/* End XCBuildConfiguration section */

/* Begin XCConfigurationList section */
		6456B6C51E9F9ACA00221AEF /* Build configuration list for PBXProject "WDFastlaneTest" */ = {
			isa = XCConfigurationList;
			buildConfigurations = (
				6456B6F51E9F9ACA00221AEF /* Debug */,
				6456B6F61E9F9ACA00221AEF /* Release */,
			);
			defaultConfigurationIsVisible = 0;
			defaultConfigurationName = Release;
		};
		6456B6F71E9F9ACA00221AEF /* Build configuration list for PBXNativeTarget "WDFastlaneTest" */ = {
			isa = XCConfigurationList;
			buildConfigurations = (
				6456B6F81E9F9ACA00221AEF /* Debug */,
				6456B6F91E9F9ACA00221AEF /* Release */,
			);
			defaultConfigurationIsVisible = 0;
		};
		6456B6FA1E9F9ACA00221AEF /* Build configuration list for PBXNativeTarget "WDFastlaneTestTests" */ = {
			isa = XCConfigurationList;
			buildConfigurations = (
				6456B6FB1E9F9ACA00221AEF /* Debug */,
				6456B6FC1E9F9ACA00221AEF /* Release */,
			);
			defaultConfigurationIsVisible = 0;
		};
		6456B6FD1E9F9ACA00221AEF /* Build configuration list for PBXNativeTarget "WDFastlaneTestUITests" */ = {
			isa = XCConfigurationList;
			buildConfigurations = (
				6456B6FE1E9F9ACA00221AEF /* Debug */,
				6456B6FF1E9F9ACA00221AEF /* Release */,
			);
			defaultConfigurationIsVisible = 0;
		};
/* End XCConfigurationList section */
	};
	rootObject = 6456B6C21E9F9ACA00221AEF /* Project object */;
}
